// !$*UTF8*$!
{
	archiveVersion = 1;
	classes = {
	};
	objectVersion = 50;
	objects = {

/* Begin PBXBuildFile section */
		AD10704C20B173D900DE15DB /* MenuBar.swift in Sources */ = {isa = PBXBuildFile; fileRef = AD10704B20B173D900DE15DB /* MenuBar.swift */; };
		AD10704E20B17B3300DE15DB /* MenuBarCollectionViewCell.swift in Sources */ = {isa = PBXBuildFile; fileRef = AD10704D20B17B3300DE15DB /* MenuBarCollectionViewCell.swift */; };
		AD10705020B17C7D00DE15DB /* Extensions.swift in Sources */ = {isa = PBXBuildFile; fileRef = AD10704F20B17C7D00DE15DB /* Extensions.swift */; };
		AD10705620B17EF000DE15DB /* Constants.swift in Sources */ = {isa = PBXBuildFile; fileRef = AD10705520B17EF000DE15DB /* Constants.swift */; };
		AD10705820B185F900DE15DB /* HomePageCollectionViewCell.swift in Sources */ = {isa = PBXBuildFile; fileRef = AD10705720B185F900DE15DB /* HomePageCollectionViewCell.swift */; };
		AD6F773720B151D300A0B0EF /* AppDelegate.swift in Sources */ = {isa = PBXBuildFile; fileRef = AD6F773620B151D300A0B0EF /* AppDelegate.swift */; };
		AD6F773920B151D300A0B0EF /* ViewController.swift in Sources */ = {isa = PBXBuildFile; fileRef = AD6F773820B151D300A0B0EF /* ViewController.swift */; };
		AD6F773C20B151D300A0B0EF /* Main.storyboard in Resources */ = {isa = PBXBuildFile; fileRef = AD6F773A20B151D300A0B0EF /* Main.storyboard */; };
		AD6F773E20B151EC00A0B0EF /* Assets.xcassets in Resources */ = {isa = PBXBuildFile; fileRef = AD6F773D20B151EC00A0B0EF /* Assets.xcassets */; };
		AD6F774120B151EC00A0B0EF /* LaunchScreen.storyboard in Resources */ = {isa = PBXBuildFile; fileRef = AD6F773F20B151EC00A0B0EF /* LaunchScreen.storyboard */; };
/* End PBXBuildFile section */

/* Begin PBXFileReference section */
		AD10704B20B173D900DE15DB /* MenuBar.swift */ = {isa = PBXFileReference; lastKnownFileType = sourcecode.swift; path = MenuBar.swift; sourceTree = "<group>"; };
		AD10704D20B17B3300DE15DB /* MenuBarCollectionViewCell.swift */ = {isa = PBXFileReference; lastKnownFileType = sourcecode.swift; path = MenuBarCollectionViewCell.swift; sourceTree = "<group>"; };
		AD10704F20B17C7D00DE15DB /* Extensions.swift */ = {isa = PBXFileReference; lastKnownFileType = sourcecode.swift; path = Extensions.swift; sourceTree = "<group>"; };
		AD10705520B17EF000DE15DB /* Constants.swift */ = {isa = PBXFileReference; lastKnownFileType = sourcecode.swift; path = Constants.swift; sourceTree = "<group>"; };
		AD10705720B185F900DE15DB /* HomePageCollectionViewCell.swift */ = {isa = PBXFileReference; lastKnownFileType = sourcecode.swift; path = HomePageCollectionViewCell.swift; sourceTree = "<group>"; };
		AD10705920B194EF00DE15DB /* README.md */ = {isa = PBXFileReference; lastKnownFileType = net.daringfireball.markdown; path = README.md; sourceTree = "<group>"; };
		AD6F773320B151D200A0B0EF /* YoutubeMenuBar.app */ = {isa = PBXFileReference; explicitFileType = wrapper.application; includeInIndex = 0; path = YoutubeMenuBar.app; sourceTree = BUILT_PRODUCTS_DIR; };
		AD6F773620B151D300A0B0EF /* AppDelegate.swift */ = {isa = PBXFileReference; lastKnownFileType = sourcecode.swift; path = AppDelegate.swift; sourceTree = "<group>"; };
		AD6F773820B151D300A0B0EF /* ViewController.swift */ = {isa = PBXFileReference; lastKnownFileType = sourcecode.swift; path = ViewController.swift; sourceTree = "<group>"; };
		AD6F773B20B151D300A0B0EF /* Base */ = {isa = PBXFileReference; lastKnownFileType = file.storyboard; name = Base; path = Base.lproj/Main.storyboard; sourceTree = "<group>"; };
		AD6F773D20B151EC00A0B0EF /* Assets.xcassets */ = {isa = PBXFileReference; lastKnownFileType = folder.assetcatalog; path = Assets.xcassets; sourceTree = "<group>"; };
		AD6F774020B151EC00A0B0EF /* Base */ = {isa = PBXFileReference; lastKnownFileType = file.storyboard; name = Base; path = Base.lproj/LaunchScreen.storyboard; sourceTree = "<group>"; };
		AD6F774220B151EC00A0B0EF /* Info.plist */ = {isa = PBXFileReference; lastKnownFileType = text.plist.xml; path = Info.plist; sourceTree = "<group>"; };
/* End PBXFileReference section */

/* Begin PBXFrameworksBuildPhase section */
		AD6F773020B151D200A0B0EF /* Frameworks */ = {
			isa = PBXFrameworksBuildPhase;
			buildActionMask = 2147483647;
			files = (
			);
			runOnlyForDeploymentPostprocessing = 0;
		};
/* End PBXFrameworksBuildPhase section */

/* Begin PBXGroup section */
		AD10705120B17CC900DE15DB /* Application */ = {
			isa = PBXGroup;
			children = (
				AD6F773620B151D300A0B0EF /* AppDelegate.swift */,
			);
			path = Application;
			sourceTree = "<group>";
		};
		AD10705220B17CD000DE15DB /* Controllers */ = {
			isa = PBXGroup;
			children = (
				AD6F773820B151D300A0B0EF /* ViewController.swift */,
			);
			path = Controllers;
			sourceTree = "<group>";
		};
		AD10705320B17CD700DE15DB /* Views */ = {
			isa = PBXGroup;
			children = (
				AD10704B20B173D900DE15DB /* MenuBar.swift */,
				AD10704D20B17B3300DE15DB /* MenuBarCollectionViewCell.swift */,
				AD10705720B185F900DE15DB /* HomePageCollectionViewCell.swift */,
			);
			path = Views;
			sourceTree = "<group>";
		};
		AD10705420B17CDF00DE15DB /* Resources */ = {
			isa = PBXGroup;
			children = (
				AD6F773A20B151D300A0B0EF /* Main.storyboard */,
				AD6F773F20B151EC00A0B0EF /* LaunchScreen.storyboard */,
				AD6F773D20B151EC00A0B0EF /* Assets.xcassets */,
				AD10704F20B17C7D00DE15DB /* Extensions.swift */,
				AD10705520B17EF000DE15DB /* Constants.swift */,
			);
			path = Resources;
			sourceTree = "<group>";
		};
		AD6F772A20B151D100A0B0EF = {
			isa = PBXGroup;
			children = (
				AD10705920B194EF00DE15DB /* README.md */,
				AD6F773520B151D200A0B0EF /* YoutubeMenuBar */,
				AD6F773420B151D200A0B0EF /* Products */,
			);
			sourceTree = "<group>";
		};
		AD6F773420B151D200A0B0EF /* Products */ = {
			isa = PBXGroup;
			children = (
				AD6F773320B151D200A0B0EF /* YoutubeMenuBar.app */,
			);
			name = Products;
			sourceTree = "<group>";
		};
		AD6F773520B151D200A0B0EF /* YoutubeMenuBar */ = {
			isa = PBXGroup;
			children = (
				AD6F774220B151EC00A0B0EF /* Info.plist */,
				AD10705120B17CC900DE15DB /* Application */,
				AD10705220B17CD000DE15DB /* Controllers */,
				AD10705420B17CDF00DE15DB /* Resources */,
				AD10705320B17CD700DE15DB /* Views */,
			);
			path = YoutubeMenuBar;
			sourceTree = "<group>";
		};
/* End PBXGroup section */

/* Begin PBXNativeTarget section */
		AD6F773220B151D200A0B0EF /* YoutubeMenuBar */ = {
			isa = PBXNativeTarget;
			buildConfigurationList = AD6F774520B151EC00A0B0EF /* Build configuration list for PBXNativeTarget "YoutubeMenuBar" */;
			buildPhases = (
				AD6F772F20B151D200A0B0EF /* Sources */,
				AD6F773020B151D200A0B0EF /* Frameworks */,
				AD6F773120B151D200A0B0EF /* Resources */,
			);
			buildRules = (
			);
			dependencies = (
			);
			name = YoutubeMenuBar;
			productName = YoutubeMenuBar;
			productReference = AD6F773320B151D200A0B0EF /* YoutubeMenuBar.app */;
			productType = "com.apple.product-type.application";
		};
/* End PBXNativeTarget section */

/* Begin PBXProject section */
		AD6F772B20B151D100A0B0EF /* Project object */ = {
			isa = PBXProject;
			attributes = {
				LastSwiftUpdateCheck = 0930;
				LastUpgradeCheck = 0930;
				ORGANIZATIONNAME = "Manikanta Varma";
				TargetAttributes = {
					AD6F773220B151D200A0B0EF = {
						CreatedOnToolsVersion = 9.3;
					};
				};
			};
			buildConfigurationList = AD6F772E20B151D100A0B0EF /* Build configuration list for PBXProject "YoutubeMenuBar" */;
			compatibilityVersion = "Xcode 9.3";
			developmentRegion = en;
			hasScannedForEncodings = 0;
			knownRegions = (
				en,
				Base,
			);
			mainGroup = AD6F772A20B151D100A0B0EF;
			productRefGroup = AD6F773420B151D200A0B0EF /* Products */;
			projectDirPath = "";
			projectRoot = "";
			targets = (
				AD6F773220B151D200A0B0EF /* YoutubeMenuBar */,
			);
		};
/* End PBXProject section */

/* Begin PBXResourcesBuildPhase section */
		AD6F773120B151D200A0B0EF /* Resources */ = {
			isa = PBXResourcesBuildPhase;
			buildActionMask = 2147483647;
			files = (
				AD6F774120B151EC00A0B0EF /* LaunchScreen.storyboard in Resources */,
				AD6F773E20B151EC00A0B0EF /* Assets.xcassets in Resources */,
				AD6F773C20B151D300A0B0EF /* Main.storyboard in Resources */,
			);
			runOnlyForDeploymentPostprocessing = 0;
		};
/* End PBXResourcesBuildPhase section */

/* Begin PBXSourcesBuildPhase section */
		AD6F772F20B151D200A0B0EF /* Sources */ = {
			isa = PBXSourcesBuildPhase;
			buildActionMask = 2147483647;
			files = (
				AD10705020B17C7D00DE15DB /* Extensions.swift in Sources */,
				AD6F773920B151D300A0B0EF /* ViewController.swift in Sources */,
				AD10705820B185F900DE15DB /* HomePageCollectionViewCell.swift in Sources */,
				AD6F773720B151D300A0B0EF /* AppDelegate.swift in Sources */,
				AD10704C20B173D900DE15DB /* MenuBar.swift in Sources */,
				AD10704E20B17B3300DE15DB /* MenuBarCollectionViewCell.swift in Sources */,
				AD10705620B17EF000DE15DB /* Constants.swift in Sources */,
			);
			runOnlyForDeploymentPostprocessing = 0;
		};
/* End PBXSourcesBuildPhase section */

/* Begin PBXVariantGroup section */
		AD6F773A20B151D300A0B0EF /* Main.storyboard */ = {
			isa = PBXVariantGroup;
			children = (
				AD6F773B20B151D300A0B0EF /* Base */,
			);
			name = Main.storyboard;
			sourceTree = "<group>";
		};
		AD6F773F20B151EC00A0B0EF /* LaunchScreen.storyboard */ = {
			isa = PBXVariantGroup;
			children = (
				AD6F774020B151EC00A0B0EF /* Base */,
			);
			name = LaunchScreen.storyboard;
			sourceTree = "<group>";
		};
/* End PBXVariantGroup section */

/* Begin XCBuildConfiguration section */
		AD6F774320B151EC00A0B0EF /* Debug */ = {
			isa = XCBuildConfiguration;
			buildSettings = {
				ALWAYS_SEARCH_USER_PATHS = NO;
				CLANG_ANALYZER_NONNULL = YES;
				CLANG_ANALYZER_NUMBER_OBJECT_CONVERSION = YES_AGGRESSIVE;
				CLANG_CXX_LANGUAGE_STANDARD = "gnu++14";
				CLANG_CXX_LIBRARY = "libc++";
				CLANG_ENABLE_MODULES = YES;
				CLANG_ENABLE_OBJC_ARC = YES;
				CLANG_ENABLE_OBJC_WEAK = YES;
				CLANG_WARN_BLOCK_CAPTURE_AUTORELEASING = YES;
				CLANG_WARN_BOOL_CONVERSION = YES;
				CLANG_WARN_COMMA = YES;
				CLANG_WARN_CONSTANT_CONVERSION = YES;
				CLANG_WARN_DEPRECATED_OBJC_IMPLEMENTATIONS = YES;
				CLANG_WARN_DIRECT_OBJC_ISA_USAGE = YES_ERROR;
				CLANG_WARN_DOCUMENTATION_COMMENTS = YES;
				CLANG_WARN_EMPTY_BODY = YES;
				CLANG_WARN_ENUM_CONVERSION = YES;
				CLANG_WARN_INFINITE_RECURSION = YES;
				CLANG_WARN_INT_CONVERSION = YES;
				CLANG_WARN_NON_LITERAL_NULL_CONVERSION = YES;
				CLANG_WARN_OBJC_IMPLICIT_RETAIN_SELF = YES;
				CLANG_WARN_OBJC_LITERAL_CONVERSION = YES;
				CLANG_WARN_OBJC_ROOT_CLASS = YES_ERROR;
				CLANG_WARN_RANGE_LOOP_ANALYSIS = YES;
				CLANG_WARN_STRICT_PROTOTYPES = YES;
				CLANG_WARN_SUSPICIOUS_MOVE = YES;
				CLANG_WARN_UNGUARDED_AVAILABILITY = YES_AGGRESSIVE;
				CLANG_WARN_UNREACHABLE_CODE = YES;
				CLANG_WARN__DUPLICATE_METHOD_MATCH = YES;
				CODE_SIGN_IDENTITY = "iPhone Developer";
				COPY_PHASE_STRIP = NO;
				DEBUG_INFORMATION_FORMAT = dwarf;
				ENABLE_STRICT_OBJC_MSGSEND = YES;
				ENABLE_TESTABILITY = YES;
				GCC_C_LANGUAGE_STANDARD = gnu11;
				GCC_DYNAMIC_NO_PIC = NO;
				GCC_NO_COMMON_BLOCKS = YES;
				GCC_OPTIMIZATION_LEVEL = 0;
				GCC_PREPROCESSOR_DEFINITIONS = (
					"DEBUG=1",
					"$(inherited)",
				);
				GCC_WARN_64_TO_32_BIT_CONVERSION = YES;
				GCC_WARN_ABOUT_RETURN_TYPE = YES_ERROR;
				GCC_WARN_UNDECLARED_SELECTOR = YES;
				GCC_WARN_UNINITIALIZED_AUTOS = YES_AGGRESSIVE;
				GCC_WARN_UNUSED_FUNCTION = YES;
				GCC_WARN_UNUSED_VARIABLE = YES;
				IPHONEOS_DEPLOYMENT_TARGET = 11.3;
				MTL_ENABLE_DEBUG_INFO = YES;
				ONLY_ACTIVE_ARCH = YES;
				SDKROOT = iphoneos;
				SWIFT_ACTIVE_COMPILATION_CONDITIONS = DEBUG;
				SWIFT_OPTIMIZATION_LEVEL = "-Onone";
			};
			name = Debug;
		};
		AD6F774420B151EC00A0B0EF /* Release */ = {
			isa = XCBuildConfiguration;
			buildSettings = {
				ALWAYS_SEARCH_USER_PATHS = NO;
				CLANG_ANALYZER_NONNULL = YES;
				CLANG_ANALYZER_NUMBER_OBJECT_CONVERSION = YES_AGGRESSIVE;
				CLANG_CXX_LANGUAGE_STANDARD = "gnu++14";
				CLANG_CXX_LIBRARY = "libc++";
				CLANG_ENABLE_MODULES = YES;
				CLANG_ENABLE_OBJC_ARC = YES;
				CLANG_ENABLE_OBJC_WEAK = YES;
				CLANG_WARN_BLOCK_CAPTURE_AUTORELEASING = YES;
				CLANG_WARN_BOOL_CONVERSION = YES;
				CLANG_WARN_COMMA = YES;
				CLANG_WARN_CONSTANT_CONVERSION = YES;
				CLANG_WARN_DEPRECATED_OBJC_IMPLEMENTATIONS = YES;
				CLANG_WARN_DIRECT_OBJC_ISA_USAGE = YES_ERROR;
				CLANG_WARN_DOCUMENTATION_COMMENTS = YES;
				CLANG_WARN_EMPTY_BODY = YES;
				CLANG_WARN_ENUM_CONVERSION = YES;
				CLANG_WARN_INFINITE_RECURSION = YES;
				CLANG_WARN_INT_CONVERSION = YES;
				CLANG_WARN_NON_LITERAL_NULL_CONVERSION = YES;
				CLANG_WARN_OBJC_IMPLICIT_RETAIN_SELF = YES;
				CLANG_WARN_OBJC_LITERAL_CONVERSION = YES;
				CLANG_WARN_OBJC_ROOT_CLASS = YES_ERROR;
				CLANG_WARN_RANGE_LOOP_ANALYSIS = YES;
				CLANG_WARN_STRICT_PROTOTYPES = YES;
				CLANG_WARN_SUSPICIOUS_MOVE = YES;
				CLANG_WARN_UNGUARDED_AVAILABILITY = YES_AGGRESSIVE;
				CLANG_WARN_UNREACHABLE_CODE = YES;
				CLANG_WARN__DUPLICATE_METHOD_MATCH = YES;
				CODE_SIGN_IDENTITY = "iPhone Developer";
				COPY_PHASE_STRIP = NO;
				DEBUG_INFORMATION_FORMAT = "dwarf-with-dsym";
				ENABLE_NS_ASSERTIONS = NO;
				ENABLE_STRICT_OBJC_MSGSEND = YES;
				GCC_C_LANGUAGE_STANDARD = gnu11;
				GCC_NO_COMMON_BLOCKS = YES;
				GCC_WARN_64_TO_32_BIT_CONVERSION = YES;
				GCC_WARN_ABOUT_RETURN_TYPE = YES_ERROR;
				GCC_WARN_UNDECLARED_SELECTOR = YES;
				GCC_WARN_UNINITIALIZED_AUTOS = YES_AGGRESSIVE;
				GCC_WARN_UNUSED_FUNCTION = YES;
				GCC_WARN_UNUSED_VARIABLE = YES;
				IPHONEOS_DEPLOYMENT_TARGET = 11.3;
				MTL_ENABLE_DEBUG_INFO = NO;
				SDKROOT = iphoneos;
				SWIFT_COMPILATION_MODE = wholemodule;
				SWIFT_OPTIMIZATION_LEVEL = "-O";
				VALIDATE_PRODUCT = YES;
			};
			name = Release;
		};
		AD6F774620B151EC00A0B0EF /* Debug */ = {
			isa = XCBuildConfiguration;
			buildSettings = {
				ASSETCATALOG_COMPILER_APPICON_NAME = AppIcon;
				CODE_SIGN_STYLE = Automatic;
				DEVELOPMENT_TEAM = D3AXA88DHR;
				INFOPLIST_FILE = YoutubeMenuBar/Info.plist;
				LD_RUNPATH_SEARCH_PATHS = (
					"$(inherited)",
					"@executable_path/Frameworks",
				);
				PRODUCT_BUNDLE_IDENTIFIER = com.mani.YoutubeMenuBar;
				PRODUCT_NAME = "$(TARGET_NAME)";
				SWIFT_VERSION = 4.0;
				TARGETED_DEVICE_FAMILY = "1,2";
			};
			name = Debug;
		};
		AD6F774720B151EC00A0B0EF /* Release */ = {
			isa = XCBuildConfiguration;
			buildSettings = {
				ASSETCATALOG_COMPILER_APPICON_NAME = AppIcon;
				CODE_SIGN_STYLE = Automatic;
				DEVELOPMENT_TEAM = D3AXA88DHR;
				INFOPLIST_FILE = YoutubeMenuBar/Info.plist;
				LD_RUNPATH_SEARCH_PATHS = (
					"$(inherited)",
					"@executable_path/Frameworks",
				);
				PRODUCT_BUNDLE_IDENTIFIER = com.mani.YoutubeMenuBar;
				PRODUCT_NAME = "$(TARGET_NAME)";
				SWIFT_VERSION = 4.0;
				TARGETED_DEVICE_FAMILY = "1,2";
			};
			name = Release;
		};
/* End XCBuildConfiguration section */

/* Begin XCConfigurationList section */
		AD6F772E20B151D100A0B0EF /* Build configuration list for PBXProject "YoutubeMenuBar" */ = {
			isa = XCConfigurationList;
			buildConfigurations = (
				AD6F774320B151EC00A0B0EF /* Debug */,
				AD6F774420B151EC00A0B0EF /* Release */,
			);
			defaultConfigurationIsVisible = 0;
			defaultConfigurationName = Release;
		};
		AD6F774520B151EC00A0B0EF /* Build configuration list for PBXNativeTarget "YoutubeMenuBar" */ = {
			isa = XCConfigurationList;
			buildConfigurations = (
				AD6F774620B151EC00A0B0EF /* Debug */,
				AD6F774720B151EC00A0B0EF /* Release */,
			);
			defaultConfigurationIsVisible = 0;
			defaultConfigurationName = Release;
		};
/* End XCConfigurationList section */
	};
	rootObject = AD6F772B20B151D100A0B0EF /* Project object */;
}
